// !$*UTF8*$!
{
	archiveVersion = 1;
	classes = {
	};
	objectVersion = 51;
	objects = {

/* Begin PBXBuildFile section */
		73BE0AA1CBC5EBD03306A220 /* Pods_BrowserApp.framework in Frameworks */ = {isa = PBXBuildFile; fileRef = 4774EB362AAA22477E188FBB /* Pods_BrowserApp.framework */; };
		84067276238BD72A001B4C90 /* HistoryViewController.swift in Sources */ = {isa = PBXBuildFile; fileRef = 84067274238BD72A001B4C90 /* HistoryViewController.swift */; };
		84067277238BD72A001B4C90 /* HistoryViewController.xib in Resources */ = {isa = PBXBuildFile; fileRef = 84067275238BD72A001B4C90 /* HistoryViewController.xib */; };
		844FFB05238B689A00272744 /* SafariViewController.swift in Sources */ = {isa = PBXBuildFile; fileRef = 844FFB04238B689A00272744 /* SafariViewController.swift */; };
		844FFB08238B68D800272744 /* AppConstant.swift in Sources */ = {isa = PBXBuildFile; fileRef = 844FFB07238B68D800272744 /* AppConstant.swift */; };
		844FFB0B238B79A400272744 /* String+Extension.swift in Sources */ = {isa = PBXBuildFile; fileRef = 844FFB0A238B79A400272744 /* String+Extension.swift */; };
		844FFB0F238B92AF00272744 /* DownloadTableViewCell.swift in Sources */ = {isa = PBXBuildFile; fileRef = 844FFB0D238B92AF00272744 /* DownloadTableViewCell.swift */; };
		844FFB10238B92AF00272744 /* DownloadTableViewCell.xib in Resources */ = {isa = PBXBuildFile; fileRef = 844FFB0E238B92AF00272744 /* DownloadTableViewCell.xib */; };
		844FFB12238B961200272744 /* UITableView+Extension.swift in Sources */ = {isa = PBXBuildFile; fileRef = 844FFB11238B961200272744 /* UITableView+Extension.swift */; };
		844FFB15238BAF7E00272744 /* DownloadModel.swift in Sources */ = {isa = PBXBuildFile; fileRef = 844FFB14238BAF7E00272744 /* DownloadModel.swift */; };
		844FFB18238BB0D900272744 /* FileManagerHelper.swift in Sources */ = {isa = PBXBuildFile; fileRef = 844FFB17238BB0D900272744 /* FileManagerHelper.swift */; };
		84D45ED8238CBA4B000FD5CA /* HistoryTableViewCell.swift in Sources */ = {isa = PBXBuildFile; fileRef = 84D45ED6238CBA4B000FD5CA /* HistoryTableViewCell.swift */; };
		84D45ED9238CBA4B000FD5CA /* HistoryTableViewCell.xib in Resources */ = {isa = PBXBuildFile; fileRef = 84D45ED7238CBA4B000FD5CA /* HistoryTableViewCell.xib */; };
		84D45EDB238CDCD6000FD5CA /* BaseViewController.swift in Sources */ = {isa = PBXBuildFile; fileRef = 84D45EDA238CDCD6000FD5CA /* BaseViewController.swift */; };
		DB1EE04F238A813700023145 /* HomeVC.swift in Sources */ = {isa = PBXBuildFile; fileRef = DB1EE04D238A813700023145 /* HomeVC.swift */; };
		DB1EE050238A813700023145 /* HomeVC.xib in Resources */ = {isa = PBXBuildFile; fileRef = DB1EE04E238A813700023145 /* HomeVC.xib */; };
		DB1EE059238A82A500023145 /* FoldersVC.swift in Sources */ = {isa = PBXBuildFile; fileRef = DB1EE057238A82A500023145 /* FoldersVC.swift */; };
		DB1EE05A238A82A500023145 /* FoldersVC.xib in Resources */ = {isa = PBXBuildFile; fileRef = DB1EE058238A82A500023145 /* FoldersVC.xib */; };
		DB1EE05D238A82B200023145 /* BrowserVC.swift in Sources */ = {isa = PBXBuildFile; fileRef = DB1EE05B238A82B200023145 /* BrowserVC.swift */; };
		DB1EE05E238A82B200023145 /* BrowserVC.xib in Resources */ = {isa = PBXBuildFile; fileRef = DB1EE05C238A82B200023145 /* BrowserVC.xib */; };
		DB1EE061238A82C000023145 /* DownloadsVC.swift in Sources */ = {isa = PBXBuildFile; fileRef = DB1EE05F238A82C000023145 /* DownloadsVC.swift */; };
		DB1EE062238A82C000023145 /* DownloadsVC.xib in Resources */ = {isa = PBXBuildFile; fileRef = DB1EE060238A82C000023145 /* DownloadsVC.xib */; };
		DB1EE065238A82CC00023145 /* MoreVC.swift in Sources */ = {isa = PBXBuildFile; fileRef = DB1EE063238A82CC00023145 /* MoreVC.swift */; };
		DB1EE066238A82CC00023145 /* MoreVC.xib in Resources */ = {isa = PBXBuildFile; fileRef = DB1EE064238A82CC00023145 /* MoreVC.xib */; };
		DBEDFC40238C301000297BF4 /* HistoryModel.swift in Sources */ = {isa = PBXBuildFile; fileRef = DBEDFC3F238C301000297BF4 /* HistoryModel.swift */; };
		DBF3A480238A3A2300B4B6E5 /* AppDelegate.swift in Sources */ = {isa = PBXBuildFile; fileRef = DBF3A47F238A3A2300B4B6E5 /* AppDelegate.swift */; };
		DBF3A487238A3A2400B4B6E5 /* Assets.xcassets in Resources */ = {isa = PBXBuildFile; fileRef = DBF3A486238A3A2400B4B6E5 /* Assets.xcassets */; };
		DBF3A48A238A3A2400B4B6E5 /* LaunchScreen.storyboard in Resources */ = {isa = PBXBuildFile; fileRef = DBF3A488238A3A2400B4B6E5 /* LaunchScreen.storyboard */; };
/* End PBXBuildFile section */

/* Begin PBXFileReference section */
		4774EB362AAA22477E188FBB /* Pods_BrowserApp.framework */ = {isa = PBXFileReference; explicitFileType = wrapper.framework; includeInIndex = 0; path = Pods_BrowserApp.framework; sourceTree = BUILT_PRODUCTS_DIR; };
		84067274238BD72A001B4C90 /* HistoryViewController.swift */ = {isa = PBXFileReference; lastKnownFileType = sourcecode.swift; path = HistoryViewController.swift; sourceTree = "<group>"; };
		84067275238BD72A001B4C90 /* HistoryViewController.xib */ = {isa = PBXFileReference; lastKnownFileType = file.xib; path = HistoryViewController.xib; sourceTree = "<group>"; };
		844FFB04238B689A00272744 /* SafariViewController.swift */ = {isa = PBXFileReference; lastKnownFileType = sourcecode.swift; path = SafariViewController.swift; sourceTree = "<group>"; };
		844FFB07238B68D800272744 /* AppConstant.swift */ = {isa = PBXFileReference; lastKnownFileType = sourcecode.swift; path = AppConstant.swift; sourceTree = "<group>"; };
		844FFB0A238B79A400272744 /* String+Extension.swift */ = {isa = PBXFileReference; lastKnownFileType = sourcecode.swift; path = "String+Extension.swift"; sourceTree = "<group>"; };
		844FFB0D238B92AF00272744 /* DownloadTableViewCell.swift */ = {isa = PBXFileReference; lastKnownFileType = sourcecode.swift; path = DownloadTableViewCell.swift; sourceTree = "<group>"; };
		844FFB0E238B92AF00272744 /* DownloadTableViewCell.xib */ = {isa = PBXFileReference; lastKnownFileType = file.xib; path = DownloadTableViewCell.xib; sourceTree = "<group>"; };
		844FFB11238B961200272744 /* UITableView+Extension.swift */ = {isa = PBXFileReference; lastKnownFileType = sourcecode.swift; path = "UITableView+Extension.swift"; sourceTree = "<group>"; };
		844FFB14238BAF7E00272744 /* DownloadModel.swift */ = {isa = PBXFileReference; lastKnownFileType = sourcecode.swift; path = DownloadModel.swift; sourceTree = "<group>"; };
		844FFB17238BB0D900272744 /* FileManagerHelper.swift */ = {isa = PBXFileReference; lastKnownFileType = sourcecode.swift; path = FileManagerHelper.swift; sourceTree = "<group>"; };
		84D45ED6238CBA4B000FD5CA /* HistoryTableViewCell.swift */ = {isa = PBXFileReference; lastKnownFileType = sourcecode.swift; path = HistoryTableViewCell.swift; sourceTree = "<group>"; };
		84D45ED7238CBA4B000FD5CA /* HistoryTableViewCell.xib */ = {isa = PBXFileReference; lastKnownFileType = file.xib; path = HistoryTableViewCell.xib; sourceTree = "<group>"; };
		84D45EDA238CDCD6000FD5CA /* BaseViewController.swift */ = {isa = PBXFileReference; lastKnownFileType = sourcecode.swift; path = BaseViewController.swift; sourceTree = "<group>"; };
		B4CD9743CAC65831D2193066 /* Pods-BrowserApp.release.xcconfig */ = {isa = PBXFileReference; includeInIndex = 1; lastKnownFileType = text.xcconfig; name = "Pods-BrowserApp.release.xcconfig"; path = "Target Support Files/Pods-BrowserApp/Pods-BrowserApp.release.xcconfig"; sourceTree = "<group>"; };
		DB1EE04D238A813700023145 /* HomeVC.swift */ = {isa = PBXFileReference; lastKnownFileType = sourcecode.swift; path = HomeVC.swift; sourceTree = "<group>"; };
		DB1EE04E238A813700023145 /* HomeVC.xib */ = {isa = PBXFileReference; lastKnownFileType = file.xib; path = HomeVC.xib; sourceTree = "<group>"; };
		DB1EE057238A82A500023145 /* FoldersVC.swift */ = {isa = PBXFileReference; lastKnownFileType = sourcecode.swift; path = FoldersVC.swift; sourceTree = "<group>"; };
		DB1EE058238A82A500023145 /* FoldersVC.xib */ = {isa = PBXFileReference; lastKnownFileType = file.xib; path = FoldersVC.xib; sourceTree = "<group>"; };
		DB1EE05B238A82B200023145 /* BrowserVC.swift */ = {isa = PBXFileReference; lastKnownFileType = sourcecode.swift; path = BrowserVC.swift; sourceTree = "<group>"; };
		DB1EE05C238A82B200023145 /* BrowserVC.xib */ = {isa = PBXFileReference; lastKnownFileType = file.xib; path = BrowserVC.xib; sourceTree = "<group>"; };
		DB1EE05F238A82C000023145 /* DownloadsVC.swift */ = {isa = PBXFileReference; lastKnownFileType = sourcecode.swift; path = DownloadsVC.swift; sourceTree = "<group>"; };
		DB1EE060238A82C000023145 /* DownloadsVC.xib */ = {isa = PBXFileReference; lastKnownFileType = file.xib; path = DownloadsVC.xib; sourceTree = "<group>"; };
		DB1EE063238A82CC00023145 /* MoreVC.swift */ = {isa = PBXFileReference; lastKnownFileType = sourcecode.swift; path = MoreVC.swift; sourceTree = "<group>"; };
		DB1EE064238A82CC00023145 /* MoreVC.xib */ = {isa = PBXFileReference; lastKnownFileType = file.xib; path = MoreVC.xib; sourceTree = "<group>"; };
		DBEDFC3F238C301000297BF4 /* HistoryModel.swift */ = {isa = PBXFileReference; lastKnownFileType = sourcecode.swift; path = HistoryModel.swift; sourceTree = "<group>"; };
		DBF3A47C238A3A2300B4B6E5 /* BrowserApp.app */ = {isa = PBXFileReference; explicitFileType = wrapper.application; includeInIndex = 0; path = BrowserApp.app; sourceTree = BUILT_PRODUCTS_DIR; };
		DBF3A47F238A3A2300B4B6E5 /* AppDelegate.swift */ = {isa = PBXFileReference; lastKnownFileType = sourcecode.swift; path = AppDelegate.swift; sourceTree = "<group>"; };
		DBF3A486238A3A2400B4B6E5 /* Assets.xcassets */ = {isa = PBXFileReference; lastKnownFileType = folder.assetcatalog; path = Assets.xcassets; sourceTree = "<group>"; };
		DBF3A489238A3A2400B4B6E5 /* Base */ = {isa = PBXFileReference; lastKnownFileType = file.storyboard; name = Base; path = Base.lproj/LaunchScreen.storyboard; sourceTree = "<group>"; };
		DBF3A48B238A3A2400B4B6E5 /* Info.plist */ = {isa = PBXFileReference; lastKnownFileType = text.plist.xml; path = Info.plist; sourceTree = "<group>"; };
		DF46912893A869477C7304D2 /* Pods-BrowserApp.debug.xcconfig */ = {isa = PBXFileReference; includeInIndex = 1; lastKnownFileType = text.xcconfig; name = "Pods-BrowserApp.debug.xcconfig"; path = "Target Support Files/Pods-BrowserApp/Pods-BrowserApp.debug.xcconfig"; sourceTree = "<group>"; };
/* End PBXFileReference section */

/* Begin PBXFrameworksBuildPhase section */
		DBF3A479238A3A2300B4B6E5 /* Frameworks */ = {
			isa = PBXFrameworksBuildPhase;
			buildActionMask = 2147483647;
			files = (
				73BE0AA1CBC5EBD03306A220 /* Pods_BrowserApp.framework in Frameworks */,
			);
			runOnlyForDeploymentPostprocessing = 0;
		};
/* End PBXFrameworksBuildPhase section */

/* Begin PBXGroup section */
		28FC965C9E1002899F9B440E /* Frameworks */ = {
			isa = PBXGroup;
			children = (
				4774EB362AAA22477E188FBB /* Pods_BrowserApp.framework */,
			);
			name = Frameworks;
			sourceTree = "<group>";
		};
		84067273238BD718001B4C90 /* History */ = {
			isa = PBXGroup;
			children = (
				84D45ED5238CBA37000FD5CA /* Cell */,
				84067274238BD72A001B4C90 /* HistoryViewController.swift */,
				84067275238BD72A001B4C90 /* HistoryViewController.xib */,
			);
			path = History;
			sourceTree = "<group>";
		};
		844FFB02238B683900272744 /* Components */ = {
			isa = PBXGroup;
			children = (
				844FFB16238BB0B200272744 /* Helper */,
				844FFB09238B798B00272744 /* Extensions */,
				844FFB06238B68C800272744 /* Constants */,
				844FFB03238B684400272744 /* CustomvView */,
			);
			path = Components;
			sourceTree = "<group>";
		};
		844FFB03238B684400272744 /* CustomvView */ = {
			isa = PBXGroup;
			children = (
				844FFB04238B689A00272744 /* SafariViewController.swift */,
				84D45EDA238CDCD6000FD5CA /* BaseViewController.swift */,
			);
			path = CustomvView;
			sourceTree = "<group>";
		};
		844FFB06238B68C800272744 /* Constants */ = {
			isa = PBXGroup;
			children = (
				844FFB07238B68D800272744 /* AppConstant.swift */,
			);
			path = Constants;
			sourceTree = "<group>";
		};
		844FFB09238B798B00272744 /* Extensions */ = {
			isa = PBXGroup;
			children = (
				844FFB0A238B79A400272744 /* String+Extension.swift */,
				844FFB11238B961200272744 /* UITableView+Extension.swift */,
			);
			path = Extensions;
			sourceTree = "<group>";
		};
		844FFB0C238B929400272744 /* Cell */ = {
			isa = PBXGroup;
			children = (
				844FFB0D238B92AF00272744 /* DownloadTableViewCell.swift */,
				844FFB0E238B92AF00272744 /* DownloadTableViewCell.xib */,
			);
			path = Cell;
			sourceTree = "<group>";
		};
		844FFB13238BAF6F00272744 /* Model */ = {
			isa = PBXGroup;
			children = (
				844FFB14238BAF7E00272744 /* DownloadModel.swift */,
				DBEDFC3F238C301000297BF4 /* HistoryModel.swift */,
			);
			path = Model;
			sourceTree = "<group>";
		};
		844FFB16238BB0B200272744 /* Helper */ = {
			isa = PBXGroup;
			children = (
				844FFB17238BB0D900272744 /* FileManagerHelper.swift */,
			);
			path = Helper;
			sourceTree = "<group>";
		};
		84D45ED5238CBA37000FD5CA /* Cell */ = {
			isa = PBXGroup;
			children = (
				84D45ED6238CBA4B000FD5CA /* HistoryTableViewCell.swift */,
				84D45ED7238CBA4B000FD5CA /* HistoryTableViewCell.xib */,
			);
			path = Cell;
			sourceTree = "<group>";
		};
		BC6AB5A2CBDEF60282F1BA15 /* Pods */ = {
			isa = PBXGroup;
			children = (
				DF46912893A869477C7304D2 /* Pods-BrowserApp.debug.xcconfig */,
				B4CD9743CAC65831D2193066 /* Pods-BrowserApp.release.xcconfig */,
			);
			path = Pods;
			sourceTree = "<group>";
		};
		DB1EE051238A824400023145 /* ViewControllers */ = {
			isa = PBXGroup;
			children = (
				84067273238BD718001B4C90 /* History */,
				DB1EE056238A828400023145 /* MoreVC */,
				DB1EE055238A827400023145 /* DownloadsVC */,
				DB1EE054238A826A00023145 /* BrowserVC */,
				DB1EE053238A825E00023145 /* FoldersVC */,
				DB1EE052238A824E00023145 /* HomeVC */,
			);
			path = ViewControllers;
			sourceTree = "<group>";
		};
		DB1EE052238A824E00023145 /* HomeVC */ = {
			isa = PBXGroup;
			children = (
				DB1EE04D238A813700023145 /* HomeVC.swift */,
				DB1EE04E238A813700023145 /* HomeVC.xib */,
			);
			path = HomeVC;
			sourceTree = "<group>";
		};
		DB1EE053238A825E00023145 /* FoldersVC */ = {
			isa = PBXGroup;
			children = (
				DB1EE057238A82A500023145 /* FoldersVC.swift */,
				DB1EE058238A82A500023145 /* FoldersVC.xib */,
			);
			path = FoldersVC;
			sourceTree = "<group>";
		};
		DB1EE054238A826A00023145 /* BrowserVC */ = {
			isa = PBXGroup;
			children = (
				DB1EE05B238A82B200023145 /* BrowserVC.swift */,
				DB1EE05C238A82B200023145 /* BrowserVC.xib */,
			);
			path = BrowserVC;
			sourceTree = "<group>";
		};
		DB1EE055238A827400023145 /* DownloadsVC */ = {
			isa = PBXGroup;
			children = (
				844FFB0C238B929400272744 /* Cell */,
				DB1EE05F238A82C000023145 /* DownloadsVC.swift */,
				DB1EE060238A82C000023145 /* DownloadsVC.xib */,
			);
			path = DownloadsVC;
			sourceTree = "<group>";
		};
		DB1EE056238A828400023145 /* MoreVC */ = {
			isa = PBXGroup;
			children = (
				DB1EE063238A82CC00023145 /* MoreVC.swift */,
				DB1EE064238A82CC00023145 /* MoreVC.xib */,
			);
			path = MoreVC;
			sourceTree = "<group>";
		};
		DBF3A473238A3A2300B4B6E5 = {
			isa = PBXGroup;
			children = (
				DBF3A47E238A3A2300B4B6E5 /* BrowserApp */,
				DBF3A47D238A3A2300B4B6E5 /* Products */,
				BC6AB5A2CBDEF60282F1BA15 /* Pods */,
				28FC965C9E1002899F9B440E /* Frameworks */,
			);
			sourceTree = "<group>";
		};
		DBF3A47D238A3A2300B4B6E5 /* Products */ = {
			isa = PBXGroup;
			children = (
				DBF3A47C238A3A2300B4B6E5 /* BrowserApp.app */,
			);
			name = Products;
			sourceTree = "<group>";
		};
		DBF3A47E238A3A2300B4B6E5 /* BrowserApp */ = {
			isa = PBXGroup;
			children = (
				844FFB13238BAF6F00272744 /* Model */,
				844FFB02238B683900272744 /* Components */,
				DB1EE051238A824400023145 /* ViewControllers */,
				DBF3A47F238A3A2300B4B6E5 /* AppDelegate.swift */,
				DBF3A486238A3A2400B4B6E5 /* Assets.xcassets */,
				DBF3A488238A3A2400B4B6E5 /* LaunchScreen.storyboard */,
				DBF3A48B238A3A2400B4B6E5 /* Info.plist */,
			);
			path = BrowserApp;
			sourceTree = "<group>";
		};
/* End PBXGroup section */

/* Begin PBXNativeTarget section */
		DBF3A47B238A3A2300B4B6E5 /* BrowserApp */ = {
			isa = PBXNativeTarget;
			buildConfigurationList = DBF3A48E238A3A2400B4B6E5 /* Build configuration list for PBXNativeTarget "BrowserApp" */;
			buildPhases = (
				D44787C9430D5341AC95F15D /* [CP] Check Pods Manifest.lock */,
				DBF3A478238A3A2300B4B6E5 /* Sources */,
				DBF3A479238A3A2300B4B6E5 /* Frameworks */,
				DBF3A47A238A3A2300B4B6E5 /* Resources */,
				3C1DAA16C450DFE635AE2EB3 /* [CP] Embed Pods Frameworks */,
			);
			buildRules = (
			);
			dependencies = (
			);
			name = BrowserApp;
			productName = BrowserApp;
			productReference = DBF3A47C238A3A2300B4B6E5 /* BrowserApp.app */;
			productType = "com.apple.product-type.application";
		};
/* End PBXNativeTarget section */

/* Begin PBXProject section */
		DBF3A474238A3A2300B4B6E5 /* Project object */ = {
			isa = PBXProject;
			attributes = {
				LastSwiftUpdateCheck = 1030;
				LastUpgradeCheck = 1030;
				ORGANIZATIONNAME = "nxsang063@gmail.com";
				TargetAttributes = {
					DBF3A47B238A3A2300B4B6E5 = {
						CreatedOnToolsVersion = 10.3;
					};
				};
			};
			buildConfigurationList = DBF3A477238A3A2300B4B6E5 /* Build configuration list for PBXProject "BrowserApp" */;
			compatibilityVersion = "Xcode 9.3";
			developmentRegion = en;
			hasScannedForEncodings = 0;
			knownRegions = (
				en,
				Base,
			);
			mainGroup = DBF3A473238A3A2300B4B6E5;
			productRefGroup = DBF3A47D238A3A2300B4B6E5 /* Products */;
			projectDirPath = "";
			projectRoot = "";
			targets = (
				DBF3A47B238A3A2300B4B6E5 /* BrowserApp */,
			);
		};
/* End PBXProject section */

/* Begin PBXResourcesBuildPhase section */
		DBF3A47A238A3A2300B4B6E5 /* Resources */ = {
			isa = PBXResourcesBuildPhase;
			buildActionMask = 2147483647;
			files = (
				DBF3A48A238A3A2400B4B6E5 /* LaunchScreen.storyboard in Resources */,
				DB1EE050238A813700023145 /* HomeVC.xib in Resources */,
				DB1EE05A238A82A500023145 /* FoldersVC.xib in Resources */,
				DB1EE05E238A82B200023145 /* BrowserVC.xib in Resources */,
				DB1EE066238A82CC00023145 /* MoreVC.xib in Resources */,
				84067277238BD72A001B4C90 /* HistoryViewController.xib in Resources */,
				84D45ED9238CBA4B000FD5CA /* HistoryTableViewCell.xib in Resources */,
				844FFB10238B92AF00272744 /* DownloadTableViewCell.xib in Resources */,
				DB1EE062238A82C000023145 /* DownloadsVC.xib in Resources */,
				DBF3A487238A3A2400B4B6E5 /* Assets.xcassets in Resources */,
			);
			runOnlyForDeploymentPostprocessing = 0;
		};
/* End PBXResourcesBuildPhase section */

/* Begin PBXShellScriptBuildPhase section */
		3C1DAA16C450DFE635AE2EB3 /* [CP] Embed Pods Frameworks */ = {
			isa = PBXShellScriptBuildPhase;
			buildActionMask = 2147483647;
			files = (
			);
			inputFileListPaths = (
				"${PODS_ROOT}/Target Support Files/Pods-BrowserApp/Pods-BrowserApp-frameworks-${CONFIGURATION}-input-files.xcfilelist",
			);
			name = "[CP] Embed Pods Frameworks";
			outputFileListPaths = (
				"${PODS_ROOT}/Target Support Files/Pods-BrowserApp/Pods-BrowserApp-frameworks-${CONFIGURATION}-output-files.xcfilelist",
			);
			runOnlyForDeploymentPostprocessing = 0;
			shellPath = /bin/sh;
			shellScript = "\"${PODS_ROOT}/Target Support Files/Pods-BrowserApp/Pods-BrowserApp-frameworks.sh\"\n";
			showEnvVarsInLog = 0;
		};
		D44787C9430D5341AC95F15D /* [CP] Check Pods Manifest.lock */ = {
			isa = PBXShellScriptBuildPhase;
			buildActionMask = 2147483647;
			files = (
			);
			inputFileListPaths = (
			);
			inputPaths = (
				"${PODS_PODFILE_DIR_PATH}/Podfile.lock",
				"${PODS_ROOT}/Manifest.lock",
			);
			name = "[CP] Check Pods Manifest.lock";
			outputFileListPaths = (
			);
			outputPaths = (
				"$(DERIVED_FILE_DIR)/Pods-BrowserApp-checkManifestLockResult.txt",
			);
			runOnlyForDeploymentPostprocessing = 0;
			shellPath = /bin/sh;
			shellScript = "diff \"${PODS_PODFILE_DIR_PATH}/Podfile.lock\" \"${PODS_ROOT}/Manifest.lock\" > /dev/null\nif [ $? != 0 ] ; then\n    # print error to STDERR\n    echo \"error: The sandbox is not in sync with the Podfile.lock. Run 'pod install' or update your CocoaPods installation.\" >&2\n    exit 1\nfi\n# This output is used by Xcode 'outputs' to avoid re-running this script phase.\necho \"SUCCESS\" > \"${SCRIPT_OUTPUT_FILE_0}\"\n";
			showEnvVarsInLog = 0;
		};
/* End PBXShellScriptBuildPhase section */

/* Begin PBXSourcesBuildPhase section */
		DBF3A478238A3A2300B4B6E5 /* Sources */ = {
			isa = PBXSourcesBuildPhase;
			buildActionMask = 2147483647;
			files = (
				844FFB12238B961200272744 /* UITableView+Extension.swift in Sources */,
				DBF3A480238A3A2300B4B6E5 /* AppDelegate.swift in Sources */,
				844FFB0F238B92AF00272744 /* DownloadTableViewCell.swift in Sources */,
				844FFB0B238B79A400272744 /* String+Extension.swift in Sources */,
				DB1EE065238A82CC00023145 /* MoreVC.swift in Sources */,
				84067276238BD72A001B4C90 /* HistoryViewController.swift in Sources */,
				DB1EE059238A82A500023145 /* FoldersVC.swift in Sources */,
				84D45EDB238CDCD6000FD5CA /* BaseViewController.swift in Sources */,
				DB1EE04F238A813700023145 /* HomeVC.swift in Sources */,
				DB1EE05D238A82B200023145 /* BrowserVC.swift in Sources */,
				844FFB05238B689A00272744 /* SafariViewController.swift in Sources */,
				84D45ED8238CBA4B000FD5CA /* HistoryTableViewCell.swift in Sources */,
				DB1EE061238A82C000023145 /* DownloadsVC.swift in Sources */,
				DBEDFC40238C301000297BF4 /* HistoryModel.swift in Sources */,
				844FFB18238BB0D900272744 /* FileManagerHelper.swift in Sources */,
				844FFB08238B68D800272744 /* AppConstant.swift in Sources */,
				844FFB15238BAF7E00272744 /* DownloadModel.swift in Sources */,
			);
			runOnlyForDeploymentPostprocessing = 0;
		};
/* End PBXSourcesBuildPhase section */

/* Begin PBXVariantGroup section */
		DBF3A488238A3A2400B4B6E5 /* LaunchScreen.storyboard */ = {
			isa = PBXVariantGroup;
			children = (
				DBF3A489238A3A2400B4B6E5 /* Base */,
			);
			name = LaunchScreen.storyboard;
			sourceTree = "<group>";
		};
/* End PBXVariantGroup section */

/* Begin XCBuildConfiguration section */
		DBF3A48C238A3A2400B4B6E5 /* Debug */ = {
			isa = XCBuildConfiguration;
			buildSettings = {
				ALWAYS_SEARCH_USER_PATHS = NO;
				CLANG_ANALYZER_NONNULL = YES;
				CLANG_ANALYZER_NUMBER_OBJECT_CONVERSION = YES_AGGRESSIVE;
				CLANG_CXX_LANGUAGE_STANDARD = "gnu++14";
				CLANG_CXX_LIBRARY = "libc++";
				CLANG_ENABLE_MODULES = YES;
				CLANG_ENABLE_OBJC_ARC = YES;
				CLANG_ENABLE_OBJC_WEAK = YES;
				CLANG_WARN_BLOCK_CAPTURE_AUTORELEASING = YES;
				CLANG_WARN_BOOL_CONVERSION = YES;
				CLANG_WARN_COMMA = YES;
				CLANG_WARN_CONSTANT_CONVERSION = YES;
				CLANG_WARN_DEPRECATED_OBJC_IMPLEMENTATIONS = YES;
				CLANG_WARN_DIRECT_OBJC_ISA_USAGE = YES_ERROR;
				CLANG_WARN_DOCUMENTATION_COMMENTS = YES;
				CLANG_WARN_EMPTY_BODY = YES;
				CLANG_WARN_ENUM_CONVERSION = YES;
				CLANG_WARN_INFINITE_RECURSION = YES;
				CLANG_WARN_INT_CONVERSION = YES;
				CLANG_WARN_NON_LITERAL_NULL_CONVERSION = YES;
				CLANG_WARN_OBJC_IMPLICIT_RETAIN_SELF = YES;
				CLANG_WARN_OBJC_LITERAL_CONVERSION = YES;
				CLANG_WARN_OBJC_ROOT_CLASS = YES_ERROR;
				CLANG_WARN_RANGE_LOOP_ANALYSIS = YES;
				CLANG_WARN_STRICT_PROTOTYPES = YES;
				CLANG_WARN_SUSPICIOUS_MOVE = YES;
				CLANG_WARN_UNGUARDED_AVAILABILITY = YES_AGGRESSIVE;
				CLANG_WARN_UNREACHABLE_CODE = YES;
				CLANG_WARN__DUPLICATE_METHOD_MATCH = YES;
				CODE_SIGN_IDENTITY = "iPhone Developer";
				COPY_PHASE_STRIP = NO;
				DEBUG_INFORMATION_FORMAT = dwarf;
				ENABLE_STRICT_OBJC_MSGSEND = YES;
				ENABLE_TESTABILITY = YES;
				GCC_C_LANGUAGE_STANDARD = gnu11;
				GCC_DYNAMIC_NO_PIC = NO;
				GCC_NO_COMMON_BLOCKS = YES;
				GCC_OPTIMIZATION_LEVEL = 0;
				GCC_PREPROCESSOR_DEFINITIONS = (
					"DEBUG=1",
					"$(inherited)",
				);
				GCC_WARN_64_TO_32_BIT_CONVERSION = YES;
				GCC_WARN_ABOUT_RETURN_TYPE = YES_ERROR;
				GCC_WARN_UNDECLARED_SELECTOR = YES;
				GCC_WARN_UNINITIALIZED_AUTOS = YES_AGGRESSIVE;
				GCC_WARN_UNUSED_FUNCTION = YES;
				GCC_WARN_UNUSED_VARIABLE = YES;
				IPHONEOS_DEPLOYMENT_TARGET = 12.4;
				MTL_ENABLE_DEBUG_INFO = INCLUDE_SOURCE;
				MTL_FAST_MATH = YES;
				ONLY_ACTIVE_ARCH = YES;
				SDKROOT = iphoneos;
				SWIFT_ACTIVE_COMPILATION_CONDITIONS = DEBUG;
				SWIFT_OPTIMIZATION_LEVEL = "-Onone";
			};
			name = Debug;
		};
		DBF3A48D238A3A2400B4B6E5 /* Release */ = {
			isa = XCBuildConfiguration;
			buildSettings = {
				ALWAYS_SEARCH_USER_PATHS = NO;
				CLANG_ANALYZER_NONNULL = YES;
				CLANG_ANALYZER_NUMBER_OBJECT_CONVERSION = YES_AGGRESSIVE;
				CLANG_CXX_LANGUAGE_STANDARD = "gnu++14";
				CLANG_CXX_LIBRARY = "libc++";
				CLANG_ENABLE_MODULES = YES;
				CLANG_ENABLE_OBJC_ARC = YES;
				CLANG_ENABLE_OBJC_WEAK = YES;
				CLANG_WARN_BLOCK_CAPTURE_AUTORELEASING = YES;
				CLANG_WARN_BOOL_CONVERSION = YES;
				CLANG_WARN_COMMA = YES;
				CLANG_WARN_CONSTANT_CONVERSION = YES;
				CLANG_WARN_DEPRECATED_OBJC_IMPLEMENTATIONS = YES;
				CLANG_WARN_DIRECT_OBJC_ISA_USAGE = YES_ERROR;
				CLANG_WARN_DOCUMENTATION_COMMENTS = YES;
				CLANG_WARN_EMPTY_BODY = YES;
				CLANG_WARN_ENUM_CONVERSION = YES;
				CLANG_WARN_INFINITE_RECURSION = YES;
				CLANG_WARN_INT_CONVERSION = YES;
				CLANG_WARN_NON_LITERAL_NULL_CONVERSION = YES;
				CLANG_WARN_OBJC_IMPLICIT_RETAIN_SELF = YES;
				CLANG_WARN_OBJC_LITERAL_CONVERSION = YES;
				CLANG_WARN_OBJC_ROOT_CLASS = YES_ERROR;
				CLANG_WARN_RANGE_LOOP_ANALYSIS = YES;
				CLANG_WARN_STRICT_PROTOTYPES = YES;
				CLANG_WARN_SUSPICIOUS_MOVE = YES;
				CLANG_WARN_UNGUARDED_AVAILABILITY = YES_AGGRESSIVE;
				CLANG_WARN_UNREACHABLE_CODE = YES;
				CLANG_WARN__DUPLICATE_METHOD_MATCH = YES;
				CODE_SIGN_IDENTITY = "iPhone Developer";
				COPY_PHASE_STRIP = NO;
				DEBUG_INFORMATION_FORMAT = "dwarf-with-dsym";
				ENABLE_NS_ASSERTIONS = NO;
				ENABLE_STRICT_OBJC_MSGSEND = YES;
				GCC_C_LANGUAGE_STANDARD = gnu11;
				GCC_NO_COMMON_BLOCKS = YES;
				GCC_WARN_64_TO_32_BIT_CONVERSION = YES;
				GCC_WARN_ABOUT_RETURN_TYPE = YES_ERROR;
				GCC_WARN_UNDECLARED_SELECTOR = YES;
				GCC_WARN_UNINITIALIZED_AUTOS = YES_AGGRESSIVE;
				GCC_WARN_UNUSED_FUNCTION = YES;
				GCC_WARN_UNUSED_VARIABLE = YES;
				IPHONEOS_DEPLOYMENT_TARGET = 12.4;
				MTL_ENABLE_DEBUG_INFO = NO;
				MTL_FAST_MATH = YES;
				SDKROOT = iphoneos;
				SWIFT_COMPILATION_MODE = wholemodule;
				SWIFT_OPTIMIZATION_LEVEL = "-O";
				VALIDATE_PRODUCT = YES;
			};
			name = Release;
		};
		DBF3A48F238A3A2400B4B6E5 /* Debug */ = {
			isa = XCBuildConfiguration;
			baseConfigurationReference = DF46912893A869477C7304D2 /* Pods-BrowserApp.debug.xcconfig */;
			buildSettings = {
				ASSETCATALOG_COMPILER_APPICON_NAME = AppIcon;
				CODE_SIGN_STYLE = Automatic;
				DEVELOPMENT_TEAM = SRSNPE33B8;
				INFOPLIST_FILE = BrowserApp/Info.plist;
				LD_RUNPATH_SEARCH_PATHS = (
					"$(inherited)",
					"@executable_path/Frameworks",
				);
				PRODUCT_BUNDLE_IDENTIFIER = SangNX.BrowserApp;
				PRODUCT_NAME = "$(TARGET_NAME)";
				SWIFT_VERSION = 5.0;
				TARGETED_DEVICE_FAMILY = "1,2";
			};
			name = Debug;
		};
		DBF3A490238A3A2400B4B6E5 /* Release */ = {
			isa = XCBuildConfiguration;
			baseConfigurationReference = B4CD9743CAC65831D2193066 /* Pods-BrowserApp.release.xcconfig */;
			buildSettings = {
				ASSETCATALOG_COMPILER_APPICON_NAME = AppIcon;
				CODE_SIGN_STYLE = Automatic;
				DEVELOPMENT_TEAM = SRSNPE33B8;
				INFOPLIST_FILE = BrowserApp/Info.plist;
				LD_RUNPATH_SEARCH_PATHS = (
					"$(inherited)",
					"@executable_path/Frameworks",
				);
				PRODUCT_BUNDLE_IDENTIFIER = SangNX.BrowserApp;
				PRODUCT_NAME = "$(TARGET_NAME)";
				SWIFT_VERSION = 5.0;
				TARGETED_DEVICE_FAMILY = "1,2";
			};
			name = Release;
		};
/* End XCBuildConfiguration section */

/* Begin XCConfigurationList section */
		DBF3A477238A3A2300B4B6E5 /* Build configuration list for PBXProject "BrowserApp" */ = {
			isa = XCConfigurationList;
			buildConfigurations = (
				DBF3A48C238A3A2400B4B6E5 /* Debug */,
				DBF3A48D238A3A2400B4B6E5 /* Release */,
			);
			defaultConfigurationIsVisible = 0;
			defaultConfigurationName = Release;
		};
		DBF3A48E238A3A2400B4B6E5 /* Build configuration list for PBXNativeTarget "BrowserApp" */ = {
			isa = XCConfigurationList;
			buildConfigurations = (
				DBF3A48F238A3A2400B4B6E5 /* Debug */,
				DBF3A490238A3A2400B4B6E5 /* Release */,
			);
			defaultConfigurationIsVisible = 0;
			defaultConfigurationName = Release;
		};
/* End XCConfigurationList section */
	};
	rootObject = DBF3A474238A3A2300B4B6E5 /* Project object */;
}
